// !$*UTF8*$!
{
	archiveVersion = 1;
	classes = {
	};
	objectVersion = 46;
	objects = {

/* Begin PBXBuildFile section */
		27FC09E77673E9E0B1BDDD97 /* Pods_Field_Tracker.framework in Frameworks */ = {isa = PBXBuildFile; fileRef = D2D605FA6ED061FED5593E10 /* Pods_Field_Tracker.framework */; settings = {ATTRIBUTES = (Required, ); }; };
		7F04BA411E12203200679905 /* DejalActivityView.m in Sources */ = {isa = PBXBuildFile; fileRef = 7F04BA401E12203200679905 /* DejalActivityView.m */; };
		7F04BA561E1220CC00679905 /* AFHTTPClient.m in Sources */ = {isa = PBXBuildFile; fileRef = 7F04BA441E1220CC00679905 /* AFHTTPClient.m */; };
		7F04BA571E1220CC00679905 /* AFHTTPRequestOperation.m in Sources */ = {isa = PBXBuildFile; fileRef = 7F04BA461E1220CC00679905 /* AFHTTPRequestOperation.m */; };
		7F04BA581E1220CC00679905 /* AFImageRequestOperation.m in Sources */ = {isa = PBXBuildFile; fileRef = 7F04BA481E1220CC00679905 /* AFImageRequestOperation.m */; };
		7F04BA591E1220CC00679905 /* AFJSONRequestOperation.m in Sources */ = {isa = PBXBuildFile; fileRef = 7F04BA4A1E1220CC00679905 /* AFJSONRequestOperation.m */; };
		7F04BA5A1E1220CC00679905 /* AFNetworkActivityIndicatorManager.m in Sources */ = {isa = PBXBuildFile; fileRef = 7F04BA4C1E1220CC00679905 /* AFNetworkActivityIndicatorManager.m */; };
		7F04BA5B1E1220CC00679905 /* AFPropertyListRequestOperation.m in Sources */ = {isa = PBXBuildFile; fileRef = 7F04BA4F1E1220CC00679905 /* AFPropertyListRequestOperation.m */; };
		7F04BA5C1E1220CC00679905 /* AFURLConnectionOperation.m in Sources */ = {isa = PBXBuildFile; fileRef = 7F04BA511E1220CC00679905 /* AFURLConnectionOperation.m */; };
		7F04BA5D1E1220CC00679905 /* AFXMLRequestOperation.m in Sources */ = {isa = PBXBuildFile; fileRef = 7F04BA531E1220CC00679905 /* AFXMLRequestOperation.m */; };
		7F04BA5E1E1220CC00679905 /* UIImageView+AFNetworking.m in Sources */ = {isa = PBXBuildFile; fileRef = 7F04BA551E1220CC00679905 /* UIImageView+AFNetworking.m */; };
		7F04BA681E12211E00679905 /* MultiSelectSegmentedControl.m in Sources */ = {isa = PBXBuildFile; fileRef = 7F04BA671E12211E00679905 /* MultiSelectSegmentedControl.m */; };
		7F04BA771E1221A700679905 /* BIZPopupViewController.m in Sources */ = {isa = PBXBuildFile; fileRef = 7F04BA6B1E1221A700679905 /* BIZPopupViewController.m */; };
		7F04BA781E1221A700679905 /* TPKeyboardAvoidingCollectionView.m in Sources */ = {isa = PBXBuildFile; fileRef = 7F04BA6E1E1221A700679905 /* TPKeyboardAvoidingCollectionView.m */; };
		7F04BA791E1221A700679905 /* TPKeyboardAvoidingScrollView.m in Sources */ = {isa = PBXBuildFile; fileRef = 7F04BA701E1221A700679905 /* TPKeyboardAvoidingScrollView.m */; };
		7F04BA7A1E1221A700679905 /* TPKeyboardAvoidingTableView.m in Sources */ = {isa = PBXBuildFile; fileRef = 7F04BA721E1221A700679905 /* TPKeyboardAvoidingTableView.m */; };
		7F04BA7B1E1221A700679905 /* UIScrollView+TPKeyboardAvoidingAdditions.m in Sources */ = {isa = PBXBuildFile; fileRef = 7F04BA741E1221A700679905 /* UIScrollView+TPKeyboardAvoidingAdditions.m */; };
		7F04BA7C1E1221A700679905 /* UIViewController+BIZChildViewController.m in Sources */ = {isa = PBXBuildFile; fileRef = 7F04BA761E1221A700679905 /* UIViewController+BIZChildViewController.m */; };
		7F04BA841E1222F400679905 /* MKAddStoreVC.m in Sources */ = {isa = PBXBuildFile; fileRef = 7F04BA831E1222F400679905 /* MKAddStoreVC.m */; };
		7F04BA881E12232C00679905 /* MKHomeVC.m in Sources */ = {isa = PBXBuildFile; fileRef = 7F04BA871E12232C00679905 /* MKHomeVC.m */; };
		7F04BA8B1E12234400679905 /* MKHistoryVC.m in Sources */ = {isa = PBXBuildFile; fileRef = 7F04BA8A1E12234400679905 /* MKHistoryVC.m */; };
		7F04BA911E12235A00679905 /* MKHistoryCustomCell.m in Sources */ = {isa = PBXBuildFile; fileRef = 7F04BA8E1E12235A00679905 /* MKHistoryCustomCell.m */; };
		7F04BA921E12235A00679905 /* MKIndividualHistoryCell.m in Sources */ = {isa = PBXBuildFile; fileRef = 7F04BA901E12235A00679905 /* MKIndividualHistoryCell.m */; };
		7F04BA951E12237700679905 /* MKMoreVC.m in Sources */ = {isa = PBXBuildFile; fileRef = 7F04BA941E12237700679905 /* MKMoreVC.m */; };
		7F04BA991E12239600679905 /* MKCustomCellForLeave.m in Sources */ = {isa = PBXBuildFile; fileRef = 7F04BA981E12239600679905 /* MKCustomCellForLeave.m */; };
		7F04BA9D1E12568500679905 /* MKStoreListPopupVC.m in Sources */ = {isa = PBXBuildFile; fileRef = 7F04BA9C1E12568500679905 /* MKStoreListPopupVC.m */; };
		7F04BAA11E128B1F00679905 /* MKSharedClass.m in Sources */ = {isa = PBXBuildFile; fileRef = 7F04BAA01E128B1F00679905 /* MKSharedClass.m */; };
		7F8CE5FE1E14F0030067D0F8 /* UIScrollView+DXRefresh.m in Sources */ = {isa = PBXBuildFile; fileRef = 7F8CE5FD1E14F0030067D0F8 /* UIScrollView+DXRefresh.m */; };
		7F9FC6CF1E1E3277005767F6 /* MessageUI.framework in Frameworks */ = {isa = PBXBuildFile; fileRef = 7F9FC6CE1E1E3277005767F6 /* MessageUI.framework */; };
		7FA239A71E0A939300D293D5 /* KeyboardManager.framework in Frameworks */ = {isa = PBXBuildFile; fileRef = 7FFB54A81E09338200A930C7 /* KeyboardManager.framework */; settings = {ATTRIBUTES = (Weak, ); }; };
		7FA481D01E161F1200345BCE /* Reachability.m in Sources */ = {isa = PBXBuildFile; fileRef = 7FA481CF1E161F1200345BCE /* Reachability.m */; };
		7FA481D41E162EF200345BCE /* CoreData.framework in Frameworks */ = {isa = PBXBuildFile; fileRef = 7FA481D31E162EF200345BCE /* CoreData.framework */; };
		7FA481D81E162FE400345BCE /* FieldTracker.xcdatamodeld in Sources */ = {isa = PBXBuildFile; fileRef = 7FA481D61E162FE400345BCE /* FieldTracker.xcdatamodeld */; };
		7FECDA511E0A4610000E923F /* Podfile in Resources */ = {isa = PBXBuildFile; fileRef = 7FECDA501E0A460F000E923F /* Podfile */; };
		7FECDA531E0A4D1C000E923F /* CoreLocation.framework in Frameworks */ = {isa = PBXBuildFile; fileRef = 7FECDA521E0A4D1C000E923F /* CoreLocation.framework */; };
		7FF7F4151E1F89A6001E3F5F /* NSCalendar+RSDFAdditions.m in Sources */ = {isa = PBXBuildFile; fileRef = 7FF7F4051E1F89A5001E3F5F /* NSCalendar+RSDFAdditions.m */; };
		7FF7F4161E1F89A6001E3F5F /* RSDFDatePickerCollectionView.m in Sources */ = {isa = PBXBuildFile; fileRef = 7FF7F4081E1F89A6001E3F5F /* RSDFDatePickerCollectionView.m */; };
		7FF7F4171E1F89A6001E3F5F /* RSDFDatePickerCollectionViewLayout.m in Sources */ = {isa = PBXBuildFile; fileRef = 7FF7F40A1E1F89A6001E3F5F /* RSDFDatePickerCollectionViewLayout.m */; };
		7FF7F4181E1F89A6001E3F5F /* RSDFDatePickerDayCell.m in Sources */ = {isa = PBXBuildFile; fileRef = 7FF7F40D1E1F89A6001E3F5F /* RSDFDatePickerDayCell.m */; };
		7FF7F4191E1F89A6001E3F5F /* RSDFDatePickerDaysOfWeekView.m in Sources */ = {isa = PBXBuildFile; fileRef = 7FF7F40F1E1F89A6001E3F5F /* RSDFDatePickerDaysOfWeekView.m */; };
		7FF7F41A1E1F89A6001E3F5F /* RSDFDatePickerMonthHeader.m in Sources */ = {isa = PBXBuildFile; fileRef = 7FF7F4111E1F89A6001E3F5F /* RSDFDatePickerMonthHeader.m */; };
		7FF7F41B1E1F89A6001E3F5F /* RSDFDatePickerView.m in Sources */ = {isa = PBXBuildFile; fileRef = 7FF7F4131E1F89A6001E3F5F /* RSDFDatePickerView.m */; };
		7FFB54721E092EBC00A930C7 /* main.m in Sources */ = {isa = PBXBuildFile; fileRef = 7FFB54711E092EBC00A930C7 /* main.m */; };
		7FFB54751E092EBC00A930C7 /* AppDelegate.m in Sources */ = {isa = PBXBuildFile; fileRef = 7FFB54741E092EBC00A930C7 /* AppDelegate.m */; };
		7FFB54781E092EBC00A930C7 /* ViewController.m in Sources */ = {isa = PBXBuildFile; fileRef = 7FFB54771E092EBC00A930C7 /* ViewController.m */; };
		7FFB547B1E092EBC00A930C7 /* Main.storyboard in Resources */ = {isa = PBXBuildFile; fileRef = 7FFB54791E092EBC00A930C7 /* Main.storyboard */; };
		7FFB547D1E092EBC00A930C7 /* Assets.xcassets in Resources */ = {isa = PBXBuildFile; fileRef = 7FFB547C1E092EBC00A930C7 /* Assets.xcassets */; };
		7FFB54801E092EBC00A930C7 /* LaunchScreen.storyboard in Resources */ = {isa = PBXBuildFile; fileRef = 7FFB547E1E092EBC00A930C7 /* LaunchScreen.storyboard */; };
		7FFB548B1E092EBC00A930C7 /* OppoAttendanceTrackerTests.m in Sources */ = {isa = PBXBuildFile; fileRef = 7FFB548A1E092EBC00A930C7 /* OppoAttendanceTrackerTests.m */; };
		7FFB54961E092EBC00A930C7 /* OppoAttendanceTrackerUITests.m in Sources */ = {isa = PBXBuildFile; fileRef = 7FFB54951E092EBC00A930C7 /* OppoAttendanceTrackerUITests.m */; };
		7FFB54A51E092F7700A930C7 /* Images.xcassets in Resources */ = {isa = PBXBuildFile; fileRef = 7FFB54A41E092F7700A930C7 /* Images.xcassets */; };
		7FFB54CB1E0933B400A930C7 /* IQNSArray+Sort.m in Sources */ = {isa = PBXBuildFile; fileRef = 7FFB54AD1E0933B400A930C7 /* IQNSArray+Sort.m */; };
		7FFB54CC1E0933B400A930C7 /* IQUIView+Hierarchy.m in Sources */ = {isa = PBXBuildFile; fileRef = 7FFB54AF1E0933B400A930C7 /* IQUIView+Hierarchy.m */; };
		7FFB54CD1E0933B400A930C7 /* IQUIWindow+Hierarchy.m in Sources */ = {isa = PBXBuildFile; fileRef = 7FFB54B11E0933B400A930C7 /* IQUIWindow+Hierarchy.m */; };
		7FFB54CE1E0933B400A930C7 /* IQKeyboardManager.m in Sources */ = {isa = PBXBuildFile; fileRef = 7FFB54B61E0933B400A930C7 /* IQKeyboardManager.m */; };
		7FFB54CF1E0933B400A930C7 /* IQKeyboardReturnKeyHandler.m in Sources */ = {isa = PBXBuildFile; fileRef = 7FFB54B81E0933B400A930C7 /* IQKeyboardReturnKeyHandler.m */; };
		7FFB54D01E0933B400A930C7 /* IQSegmentedNextPrevious.m in Sources */ = {isa = PBXBuildFile; fileRef = 7FFB54BB1E0933B400A930C7 /* IQSegmentedNextPrevious.m */; };
		7FFB54D11E0933B400A930C7 /* IQTextView.m in Sources */ = {isa = PBXBuildFile; fileRef = 7FFB54BE1E0933B400A930C7 /* IQTextView.m */; };
		7FFB54D21E0933B400A930C7 /* IQBarButtonItem.m in Sources */ = {isa = PBXBuildFile; fileRef = 7FFB54C11E0933B400A930C7 /* IQBarButtonItem.m */; };
		7FFB54D31E0933B400A930C7 /* IQTitleBarButtonItem.m in Sources */ = {isa = PBXBuildFile; fileRef = 7FFB54C31E0933B400A930C7 /* IQTitleBarButtonItem.m */; };
		7FFB54D41E0933B400A930C7 /* IQToolbar.m in Sources */ = {isa = PBXBuildFile; fileRef = 7FFB54C51E0933B400A930C7 /* IQToolbar.m */; };
		7FFB54D51E0933B400A930C7 /* IQUIView+IQKeyboardToolbar.m in Sources */ = {isa = PBXBuildFile; fileRef = 7FFB54C71E0933B400A930C7 /* IQUIView+IQKeyboardToolbar.m */; };
		7FFB54D61E0933B400A930C7 /* IQKeyboardManager.bundle in Resources */ = {isa = PBXBuildFile; fileRef = 7FFB54CA1E0933B400A930C7 /* IQKeyboardManager.bundle */; };
		7FFB54E61E09520C00A930C7 /* MapKit.framework in Frameworks */ = {isa = PBXBuildFile; fileRef = 7FFB54E51E09520C00A930C7 /* MapKit.framework */; };
/* End PBXBuildFile section */

/* Begin PBXContainerItemProxy section */
		7FFB54871E092EBC00A930C7 /* PBXContainerItemProxy */ = {
			isa = PBXContainerItemProxy;
			containerPortal = 7FFB54651E092EBC00A930C7 /* Project object */;
			proxyType = 1;
			remoteGlobalIDString = 7FFB546C1E092EBC00A930C7;
			remoteInfo = OppoAttendanceTracker;
		};
		7FFB54921E092EBC00A930C7 /* PBXContainerItemProxy */ = {
			isa = PBXContainerItemProxy;
			containerPortal = 7FFB54651E092EBC00A930C7 /* Project object */;
			proxyType = 1;
			remoteGlobalIDString = 7FFB546C1E092EBC00A930C7;
			remoteInfo = OppoAttendanceTracker;
		};
/* End PBXContainerItemProxy section */

/* Begin PBXFileReference section */
		2DED812F7E0DD8567B3338CC /* Pods-OppoAttendanceTracker.release.xcconfig */ = {isa = PBXFileReference; includeInIndex = 1; lastKnownFileType = text.xcconfig; name = "Pods-OppoAttendanceTracker.release.xcconfig"; path = "Pods/Target Support Files/Pods-OppoAttendanceTracker/Pods-OppoAttendanceTracker.release.xcconfig"; sourceTree = "<group>"; };
		36B4DEA742DB76EB695F833A /* Pods-Field Tracker.debug.xcconfig */ = {isa = PBXFileReference; includeInIndex = 1; lastKnownFileType = text.xcconfig; name = "Pods-Field Tracker.debug.xcconfig"; path = "Pods/Target Support Files/Pods-Field Tracker/Pods-Field Tracker.debug.xcconfig"; sourceTree = "<group>"; };
		489AE62006A5509B72619D6E /* Pods-OppoAttendanceTracker.debug.xcconfig */ = {isa = PBXFileReference; includeInIndex = 1; lastKnownFileType = text.xcconfig; name = "Pods-OppoAttendanceTracker.debug.xcconfig"; path = "Pods/Target Support Files/Pods-OppoAttendanceTracker/Pods-OppoAttendanceTracker.debug.xcconfig"; sourceTree = "<group>"; };
		5544F011375BD9C37A491A69 /* Pods-Field Tracker.release.xcconfig */ = {isa = PBXFileReference; includeInIndex = 1; lastKnownFileType = text.xcconfig; name = "Pods-Field Tracker.release.xcconfig"; path = "Pods/Target Support Files/Pods-Field Tracker/Pods-Field Tracker.release.xcconfig"; sourceTree = "<group>"; };
		7F04BA3F1E12203200679905 /* DejalActivityView.h */ = {isa = PBXFileReference; fileEncoding = 4; lastKnownFileType = sourcecode.c.h; path = DejalActivityView.h; sourceTree = "<group>"; };
		7F04BA401E12203200679905 /* DejalActivityView.m */ = {isa = PBXFileReference; fileEncoding = 4; lastKnownFileType = sourcecode.c.objc; path = DejalActivityView.m; sourceTree = "<group>"; };
		7F04BA431E1220CC00679905 /* AFHTTPClient.h */ = {isa = PBXFileReference; fileEncoding = 4; lastKnownFileType = sourcecode.c.h; path = AFHTTPClient.h; sourceTree = "<group>"; };
		7F04BA441E1220CC00679905 /* AFHTTPClient.m */ = {isa = PBXFileReference; fileEncoding = 4; lastKnownFileType = sourcecode.c.objc; path = AFHTTPClient.m; sourceTree = "<group>"; };
		7F04BA451E1220CC00679905 /* AFHTTPRequestOperation.h */ = {isa = PBXFileReference; fileEncoding = 4; lastKnownFileType = sourcecode.c.h; path = AFHTTPRequestOperation.h; sourceTree = "<group>"; };
		7F04BA461E1220CC00679905 /* AFHTTPRequestOperation.m */ = {isa = PBXFileReference; fileEncoding = 4; lastKnownFileType = sourcecode.c.objc; path = AFHTTPRequestOperation.m; sourceTree = "<group>"; };
		7F04BA471E1220CC00679905 /* AFImageRequestOperation.h */ = {isa = PBXFileReference; fileEncoding = 4; lastKnownFileType = sourcecode.c.h; path = AFImageRequestOperation.h; sourceTree = "<group>"; };
		7F04BA481E1220CC00679905 /* AFImageRequestOperation.m */ = {isa = PBXFileReference; fileEncoding = 4; lastKnownFileType = sourcecode.c.objc; path = AFImageRequestOperation.m; sourceTree = "<group>"; };
		7F04BA491E1220CC00679905 /* AFJSONRequestOperation.h */ = {isa = PBXFileReference; fileEncoding = 4; lastKnownFileType = sourcecode.c.h; path = AFJSONRequestOperation.h; sourceTree = "<group>"; };
		7F04BA4A1E1220CC00679905 /* AFJSONRequestOperation.m */ = {isa = PBXFileReference; fileEncoding = 4; lastKnownFileType = sourcecode.c.objc; path = AFJSONRequestOperation.m; sourceTree = "<group>"; };
		7F04BA4B1E1220CC00679905 /* AFNetworkActivityIndicatorManager.h */ = {isa = PBXFileReference; fileEncoding = 4; lastKnownFileType = sourcecode.c.h; path = AFNetworkActivityIndicatorManager.h; sourceTree = "<group>"; };
		7F04BA4C1E1220CC00679905 /* AFNetworkActivityIndicatorManager.m */ = {isa = PBXFileReference; fileEncoding = 4; lastKnownFileType = sourcecode.c.objc; path = AFNetworkActivityIndicatorManager.m; sourceTree = "<group>"; };
		7F04BA4D1E1220CC00679905 /* AFNetworking.h */ = {isa = PBXFileReference; fileEncoding = 4; lastKnownFileType = sourcecode.c.h; path = AFNetworking.h; sourceTree = "<group>"; };
		7F04BA4E1E1220CC00679905 /* AFPropertyListRequestOperation.h */ = {isa = PBXFileReference; fileEncoding = 4; lastKnownFileType = sourcecode.c.h; path = AFPropertyListRequestOperation.h; sourceTree = "<group>"; };
		7F04BA4F1E1220CC00679905 /* AFPropertyListRequestOperation.m */ = {isa = PBXFileReference; fileEncoding = 4; lastKnownFileType = sourcecode.c.objc; path = AFPropertyListRequestOperation.m; sourceTree = "<group>"; };
		7F04BA501E1220CC00679905 /* AFURLConnectionOperation.h */ = {isa = PBXFileReference; fileEncoding = 4; lastKnownFileType = sourcecode.c.h; path = AFURLConnectionOperation.h; sourceTree = "<group>"; };
		7F04BA511E1220CC00679905 /* AFURLConnectionOperation.m */ = {isa = PBXFileReference; fileEncoding = 4; lastKnownFileType = sourcecode.c.objc; path = AFURLConnectionOperation.m; sourceTree = "<group>"; };
		7F04BA521E1220CC00679905 /* AFXMLRequestOperation.h */ = {isa = PBXFileReference; fileEncoding = 4; lastKnownFileType = sourcecode.c.h; path = AFXMLRequestOperation.h; sourceTree = "<group>"; };
		7F04BA531E1220CC00679905 /* AFXMLRequestOperation.m */ = {isa = PBXFileReference; fileEncoding = 4; lastKnownFileType = sourcecode.c.objc; path = AFXMLRequestOperation.m; sourceTree = "<group>"; };
		7F04BA541E1220CC00679905 /* UIImageView+AFNetworking.h */ = {isa = PBXFileReference; fileEncoding = 4; lastKnownFileType = sourcecode.c.h; path = "UIImageView+AFNetworking.h"; sourceTree = "<group>"; };
		7F04BA551E1220CC00679905 /* UIImageView+AFNetworking.m */ = {isa = PBXFileReference; fileEncoding = 4; lastKnownFileType = sourcecode.c.objc; path = "UIImageView+AFNetworking.m"; sourceTree = "<group>"; };
		7F04BA661E12211E00679905 /* MultiSelectSegmentedControl.h */ = {isa = PBXFileReference; fileEncoding = 4; lastKnownFileType = sourcecode.c.h; path = MultiSelectSegmentedControl.h; sourceTree = "<group>"; };
		7F04BA671E12211E00679905 /* MultiSelectSegmentedControl.m */ = {isa = PBXFileReference; fileEncoding = 4; lastKnownFileType = sourcecode.c.objc; path = MultiSelectSegmentedControl.m; sourceTree = "<group>"; };
		7F04BA6A1E1221A700679905 /* BIZPopupViewController.h */ = {isa = PBXFileReference; fileEncoding = 4; lastKnownFileType = sourcecode.c.h; path = BIZPopupViewController.h; sourceTree = "<group>"; };
		7F04BA6B1E1221A700679905 /* BIZPopupViewController.m */ = {isa = PBXFileReference; fileEncoding = 4; lastKnownFileType = sourcecode.c.objc; path = BIZPopupViewController.m; sourceTree = "<group>"; };
		7F04BA6C1E1221A700679905 /* BIZPopupViewControllerDelegate.h */ = {isa = PBXFileReference; fileEncoding = 4; lastKnownFileType = sourcecode.c.h; path = BIZPopupViewControllerDelegate.h; sourceTree = "<group>"; };
		7F04BA6D1E1221A700679905 /* TPKeyboardAvoidingCollectionView.h */ = {isa = PBXFileReference; fileEncoding = 4; lastKnownFileType = sourcecode.c.h; path = TPKeyboardAvoidingCollectionView.h; sourceTree = "<group>"; };
		7F04BA6E1E1221A700679905 /* TPKeyboardAvoidingCollectionView.m */ = {isa = PBXFileReference; fileEncoding = 4; lastKnownFileType = sourcecode.c.objc; path = TPKeyboardAvoidingCollectionView.m; sourceTree = "<group>"; };
		7F04BA6F1E1221A700679905 /* TPKeyboardAvoidingScrollView.h */ = {isa = PBXFileReference; fileEncoding = 4; lastKnownFileType = sourcecode.c.h; path = TPKeyboardAvoidingScrollView.h; sourceTree = "<group>"; };
		7F04BA701E1221A700679905 /* TPKeyboardAvoidingScrollView.m */ = {isa = PBXFileReference; fileEncoding = 4; lastKnownFileType = sourcecode.c.objc; path = TPKeyboardAvoidingScrollView.m; sourceTree = "<group>"; };
		7F04BA711E1221A700679905 /* TPKeyboardAvoidingTableView.h */ = {isa = PBXFileReference; fileEncoding = 4; lastKnownFileType = sourcecode.c.h; path = TPKeyboardAvoidingTableView.h; sourceTree = "<group>"; };
		7F04BA721E1221A700679905 /* TPKeyboardAvoidingTableView.m */ = {isa = PBXFileReference; fileEncoding = 4; lastKnownFileType = sourcecode.c.objc; path = TPKeyboardAvoidingTableView.m; sourceTree = "<group>"; };
		7F04BA731E1221A700679905 /* UIScrollView+TPKeyboardAvoidingAdditions.h */ = {isa = PBXFileReference; fileEncoding = 4; lastKnownFileType = sourcecode.c.h; path = "UIScrollView+TPKeyboardAvoidingAdditions.h"; sourceTree = "<group>"; };
		7F04BA741E1221A700679905 /* UIScrollView+TPKeyboardAvoidingAdditions.m */ = {isa = PBXFileReference; fileEncoding = 4; lastKnownFileType = sourcecode.c.objc; path = "UIScrollView+TPKeyboardAvoidingAdditions.m"; sourceTree = "<group>"; };
		7F04BA751E1221A700679905 /* UIViewController+BIZChildViewController.h */ = {isa = PBXFileReference; fileEncoding = 4; lastKnownFileType = sourcecode.c.h; path = "UIViewController+BIZChildViewController.h"; sourceTree = "<group>"; };
		7F04BA761E1221A700679905 /* UIViewController+BIZChildViewController.m */ = {isa = PBXFileReference; fileEncoding = 4; lastKnownFileType = sourcecode.c.objc; path = "UIViewController+BIZChildViewController.m"; sourceTree = "<group>"; };
		7F04BA821E1222F400679905 /* MKAddStoreVC.h */ = {isa = PBXFileReference; fileEncoding = 4; lastKnownFileType = sourcecode.c.h; path = MKAddStoreVC.h; sourceTree = "<group>"; };
		7F04BA831E1222F400679905 /* MKAddStoreVC.m */ = {isa = PBXFileReference; fileEncoding = 4; lastKnownFileType = sourcecode.c.objc; path = MKAddStoreVC.m; sourceTree = "<group>"; };
		7F04BA861E12232C00679905 /* MKHomeVC.h */ = {isa = PBXFileReference; fileEncoding = 4; lastKnownFileType = sourcecode.c.h; path = MKHomeVC.h; sourceTree = "<group>"; };
		7F04BA871E12232C00679905 /* MKHomeVC.m */ = {isa = PBXFileReference; fileEncoding = 4; lastKnownFileType = sourcecode.c.objc; path = MKHomeVC.m; sourceTree = "<group>"; };
		7F04BA891E12234400679905 /* MKHistoryVC.h */ = {isa = PBXFileReference; fileEncoding = 4; lastKnownFileType = sourcecode.c.h; path = MKHistoryVC.h; sourceTree = "<group>"; };
		7F04BA8A1E12234400679905 /* MKHistoryVC.m */ = {isa = PBXFileReference; fileEncoding = 4; lastKnownFileType = sourcecode.c.objc; path = MKHistoryVC.m; sourceTree = "<group>"; };
		7F04BA8D1E12235A00679905 /* MKHistoryCustomCell.h */ = {isa = PBXFileReference; fileEncoding = 4; lastKnownFileType = sourcecode.c.h; path = MKHistoryCustomCell.h; sourceTree = "<group>"; };
		7F04BA8E1E12235A00679905 /* MKHistoryCustomCell.m */ = {isa = PBXFileReference; fileEncoding = 4; lastKnownFileType = sourcecode.c.objc; path = MKHistoryCustomCell.m; sourceTree = "<group>"; };
		7F04BA8F1E12235A00679905 /* MKIndividualHistoryCell.h */ = {isa = PBXFileReference; fileEncoding = 4; lastKnownFileType = sourcecode.c.h; path = MKIndividualHistoryCell.h; sourceTree = "<group>"; };
		7F04BA901E12235A00679905 /* MKIndividualHistoryCell.m */ = {isa = PBXFileReference; fileEncoding = 4; lastKnownFileType = sourcecode.c.objc; path = MKIndividualHistoryCell.m; sourceTree = "<group>"; };
		7F04BA931E12237700679905 /* MKMoreVC.h */ = {isa = PBXFileReference; fileEncoding = 4; lastKnownFileType = sourcecode.c.h; path = MKMoreVC.h; sourceTree = "<group>"; };
		7F04BA941E12237700679905 /* MKMoreVC.m */ = {isa = PBXFileReference; fileEncoding = 4; lastKnownFileType = sourcecode.c.objc; path = MKMoreVC.m; sourceTree = "<group>"; };
		7F04BA971E12239600679905 /* MKCustomCellForLeave.h */ = {isa = PBXFileReference; fileEncoding = 4; lastKnownFileType = sourcecode.c.h; path = MKCustomCellForLeave.h; sourceTree = "<group>"; };
		7F04BA981E12239600679905 /* MKCustomCellForLeave.m */ = {isa = PBXFileReference; fileEncoding = 4; lastKnownFileType = sourcecode.c.objc; path = MKCustomCellForLeave.m; sourceTree = "<group>"; };
		7F04BA9B1E12568500679905 /* MKStoreListPopupVC.h */ = {isa = PBXFileReference; fileEncoding = 4; lastKnownFileType = sourcecode.c.h; path = MKStoreListPopupVC.h; sourceTree = "<group>"; };
		7F04BA9C1E12568500679905 /* MKStoreListPopupVC.m */ = {isa = PBXFileReference; fileEncoding = 4; lastKnownFileType = sourcecode.c.objc; path = MKStoreListPopupVC.m; sourceTree = "<group>"; };
		7F04BA9F1E128B1F00679905 /* MKSharedClass.h */ = {isa = PBXFileReference; fileEncoding = 4; lastKnownFileType = sourcecode.c.h; path = MKSharedClass.h; sourceTree = "<group>"; };
		7F04BAA01E128B1F00679905 /* MKSharedClass.m */ = {isa = PBXFileReference; fileEncoding = 4; lastKnownFileType = sourcecode.c.objc; path = MKSharedClass.m; sourceTree = "<group>"; };
		7F8CE5FC1E14F0030067D0F8 /* UIScrollView+DXRefresh.h */ = {isa = PBXFileReference; fileEncoding = 4; lastKnownFileType = sourcecode.c.h; path = "UIScrollView+DXRefresh.h"; sourceTree = "<group>"; };
		7F8CE5FD1E14F0030067D0F8 /* UIScrollView+DXRefresh.m */ = {isa = PBXFileReference; fileEncoding = 4; lastKnownFileType = sourcecode.c.objc; path = "UIScrollView+DXRefresh.m"; sourceTree = "<group>"; };
		7F9FC6CE1E1E3277005767F6 /* MessageUI.framework */ = {isa = PBXFileReference; lastKnownFileType = wrapper.framework; name = MessageUI.framework; path = System/Library/Frameworks/MessageUI.framework; sourceTree = SDKROOT; };
		7FA481CE1E161F1200345BCE /* Reachability.h */ = {isa = PBXFileReference; fileEncoding = 4; lastKnownFileType = sourcecode.c.h; path = Reachability.h; sourceTree = "<group>"; };
		7FA481CF1E161F1200345BCE /* Reachability.m */ = {isa = PBXFileReference; fileEncoding = 4; lastKnownFileType = sourcecode.c.objc; path = Reachability.m; sourceTree = "<group>"; };
		7FA481D31E162EF200345BCE /* CoreData.framework */ = {isa = PBXFileReference; lastKnownFileType = wrapper.framework; name = CoreData.framework; path = System/Library/Frameworks/CoreData.framework; sourceTree = SDKROOT; };
		7FA481D71E162FE400345BCE /* FieldTracker.xcdatamodel */ = {isa = PBXFileReference; lastKnownFileType = wrapper.xcdatamodel; path = FieldTracker.xcdatamodel; sourceTree = "<group>"; };
		7FDB2ACD1E0B8B28002E3117 /* PrefixHeader.pch */ = {isa = PBXFileReference; fileEncoding = 4; lastKnownFileType = sourcecode.c.h; path = PrefixHeader.pch; sourceTree = "<group>"; };
		7FECDA501E0A460F000E923F /* Podfile */ = {isa = PBXFileReference; fileEncoding = 4; lastKnownFileType = text; name = Podfile; path = ../Podfile; sourceTree = "<group>"; xcLanguageSpecificationIdentifier = xcode.lang.ruby; };
		7FECDA521E0A4D1C000E923F /* CoreLocation.framework */ = {isa = PBXFileReference; lastKnownFileType = wrapper.framework; name = CoreLocation.framework; path = System/Library/Frameworks/CoreLocation.framework; sourceTree = SDKROOT; };
		7FF7F4031E1F89A5001E3F5F /* module.modulemap */ = {isa = PBXFileReference; fileEncoding = 4; lastKnownFileType = "sourcecode.module-map"; path = module.modulemap; sourceTree = "<group>"; };
		7FF7F4041E1F89A5001E3F5F /* NSCalendar+RSDFAdditions.h */ = {isa = PBXFileReference; fileEncoding = 4; lastKnownFileType = sourcecode.c.h; path = "NSCalendar+RSDFAdditions.h"; sourceTree = "<group>"; };
		7FF7F4051E1F89A5001E3F5F /* NSCalendar+RSDFAdditions.m */ = {isa = PBXFileReference; fileEncoding = 4; lastKnownFileType = sourcecode.c.objc; path = "NSCalendar+RSDFAdditions.m"; sourceTree = "<group>"; };
		7FF7F4061E1F89A5001E3F5F /* RSDayFlow.h */ = {isa = PBXFileReference; fileEncoding = 4; lastKnownFileType = sourcecode.c.h; path = RSDayFlow.h; sourceTree = "<group>"; };
		7FF7F4071E1F89A5001E3F5F /* RSDFDatePickerCollectionView.h */ = {isa = PBXFileReference; fileEncoding = 4; lastKnownFileType = sourcecode.c.h; path = RSDFDatePickerCollectionView.h; sourceTree = "<group>"; };
		7FF7F4081E1F89A6001E3F5F /* RSDFDatePickerCollectionView.m */ = {isa = PBXFileReference; fileEncoding = 4; lastKnownFileType = sourcecode.c.objc; path = RSDFDatePickerCollectionView.m; sourceTree = "<group>"; };
		7FF7F4091E1F89A6001E3F5F /* RSDFDatePickerCollectionViewLayout.h */ = {isa = PBXFileReference; fileEncoding = 4; lastKnownFileType = sourcecode.c.h; path = RSDFDatePickerCollectionViewLayout.h; sourceTree = "<group>"; };
		7FF7F40A1E1F89A6001E3F5F /* RSDFDatePickerCollectionViewLayout.m */ = {isa = PBXFileReference; fileEncoding = 4; lastKnownFileType = sourcecode.c.objc; path = RSDFDatePickerCollectionViewLayout.m; sourceTree = "<group>"; };
		7FF7F40B1E1F89A6001E3F5F /* RSDFDatePickerDate.h */ = {isa = PBXFileReference; fileEncoding = 4; lastKnownFileType = sourcecode.c.h; path = RSDFDatePickerDate.h; sourceTree = "<group>"; };
		7FF7F40C1E1F89A6001E3F5F /* RSDFDatePickerDayCell.h */ = {isa = PBXFileReference; fileEncoding = 4; lastKnownFileType = sourcecode.c.h; path = RSDFDatePickerDayCell.h; sourceTree = "<group>"; };
		7FF7F40D1E1F89A6001E3F5F /* RSDFDatePickerDayCell.m */ = {isa = PBXFileReference; fileEncoding = 4; lastKnownFileType = sourcecode.c.objc; path = RSDFDatePickerDayCell.m; sourceTree = "<group>"; };
		7FF7F40E1E1F89A6001E3F5F /* RSDFDatePickerDaysOfWeekView.h */ = {isa = PBXFileReference; fileEncoding = 4; lastKnownFileType = sourcecode.c.h; path = RSDFDatePickerDaysOfWeekView.h; sourceTree = "<group>"; };
		7FF7F40F1E1F89A6001E3F5F /* RSDFDatePickerDaysOfWeekView.m */ = {isa = PBXFileReference; fileEncoding = 4; lastKnownFileType = sourcecode.c.objc; path = RSDFDatePickerDaysOfWeekView.m; sourceTree = "<group>"; };
		7FF7F4101E1F89A6001E3F5F /* RSDFDatePickerMonthHeader.h */ = {isa = PBXFileReference; fileEncoding = 4; lastKnownFileType = sourcecode.c.h; path = RSDFDatePickerMonthHeader.h; sourceTree = "<group>"; };
		7FF7F4111E1F89A6001E3F5F /* RSDFDatePickerMonthHeader.m */ = {isa = PBXFileReference; fileEncoding = 4; lastKnownFileType = sourcecode.c.objc; path = RSDFDatePickerMonthHeader.m; sourceTree = "<group>"; };
		7FF7F4121E1F89A6001E3F5F /* RSDFDatePickerView.h */ = {isa = PBXFileReference; fileEncoding = 4; lastKnownFileType = sourcecode.c.h; path = RSDFDatePickerView.h; sourceTree = "<group>"; };
		7FF7F4131E1F89A6001E3F5F /* RSDFDatePickerView.m */ = {isa = PBXFileReference; fileEncoding = 4; lastKnownFileType = sourcecode.c.objc; path = RSDFDatePickerView.m; sourceTree = "<group>"; };
		7FF7F4141E1F89A6001E3F5F /* RSDFDatePickerView+Protected.h */ = {isa = PBXFileReference; fileEncoding = 4; lastKnownFileType = sourcecode.c.h; path = "RSDFDatePickerView+Protected.h"; sourceTree = "<group>"; };
		7FFB546D1E092EBC00A930C7 /* Field Tracker.app */ = {isa = PBXFileReference; explicitFileType = wrapper.application; includeInIndex = 0; path = "Field Tracker.app"; sourceTree = BUILT_PRODUCTS_DIR; };
		7FFB54711E092EBC00A930C7 /* main.m */ = {isa = PBXFileReference; lastKnownFileType = sourcecode.c.objc; path = main.m; sourceTree = "<group>"; };
		7FFB54731E092EBC00A930C7 /* AppDelegate.h */ = {isa = PBXFileReference; lastKnownFileType = sourcecode.c.h; path = AppDelegate.h; sourceTree = "<group>"; };
		7FFB54741E092EBC00A930C7 /* AppDelegate.m */ = {isa = PBXFileReference; lastKnownFileType = sourcecode.c.objc; path = AppDelegate.m; sourceTree = "<group>"; };
		7FFB54761E092EBC00A930C7 /* ViewController.h */ = {isa = PBXFileReference; lastKnownFileType = sourcecode.c.h; path = ViewController.h; sourceTree = "<group>"; };
		7FFB54771E092EBC00A930C7 /* ViewController.m */ = {isa = PBXFileReference; lastKnownFileType = sourcecode.c.objc; path = ViewController.m; sourceTree = "<group>"; };
		7FFB547A1E092EBC00A930C7 /* Base */ = {isa = PBXFileReference; lastKnownFileType = file.storyboard; name = Base; path = Base.lproj/Main.storyboard; sourceTree = "<group>"; };
		7FFB547C1E092EBC00A930C7 /* Assets.xcassets */ = {isa = PBXFileReference; lastKnownFileType = folder.assetcatalog; path = Assets.xcassets; sourceTree = "<group>"; };
		7FFB547F1E092EBC00A930C7 /* Base */ = {isa = PBXFileReference; lastKnownFileType = file.storyboard; name = Base; path = Base.lproj/LaunchScreen.storyboard; sourceTree = "<group>"; };
		7FFB54811E092EBC00A930C7 /* Info.plist */ = {isa = PBXFileReference; lastKnownFileType = text.plist.xml; path = Info.plist; sourceTree = "<group>"; };
		7FFB54861E092EBC00A930C7 /* Field Tracker.xctest */ = {isa = PBXFileReference; explicitFileType = wrapper.cfbundle; includeInIndex = 0; path = "Field Tracker.xctest"; sourceTree = BUILT_PRODUCTS_DIR; };
		7FFB548A1E092EBC00A930C7 /* OppoAttendanceTrackerTests.m */ = {isa = PBXFileReference; lastKnownFileType = sourcecode.c.objc; path = OppoAttendanceTrackerTests.m; sourceTree = "<group>"; };
		7FFB548C1E092EBC00A930C7 /* Info.plist */ = {isa = PBXFileReference; lastKnownFileType = text.plist.xml; path = Info.plist; sourceTree = "<group>"; };
		7FFB54911E092EBC00A930C7 /* Field Tracker.xctest */ = {isa = PBXFileReference; explicitFileType = wrapper.cfbundle; includeInIndex = 0; path = "Field Tracker.xctest"; sourceTree = BUILT_PRODUCTS_DIR; };
		7FFB54951E092EBC00A930C7 /* OppoAttendanceTrackerUITests.m */ = {isa = PBXFileReference; lastKnownFileType = sourcecode.c.objc; path = OppoAttendanceTrackerUITests.m; sourceTree = "<group>"; };
		7FFB54971E092EBC00A930C7 /* Info.plist */ = {isa = PBXFileReference; lastKnownFileType = text.plist.xml; path = Info.plist; sourceTree = "<group>"; };
		7FFB54A41E092F7700A930C7 /* Images.xcassets */ = {isa = PBXFileReference; lastKnownFileType = folder.assetcatalog; path = Images.xcassets; sourceTree = "<group>"; };
		7FFB54A81E09338200A930C7 /* KeyboardManager.framework */ = {isa = PBXFileReference; lastKnownFileType = wrapper.framework; name = KeyboardManager.framework; path = ../KeyboardManager.framework; sourceTree = "<group>"; };
		7FFB54AC1E0933B400A930C7 /* IQNSArray+Sort.h */ = {isa = PBXFileReference; fileEncoding = 4; lastKnownFileType = sourcecode.c.h; path = "IQNSArray+Sort.h"; sourceTree = "<group>"; };
		7FFB54AD1E0933B400A930C7 /* IQNSArray+Sort.m */ = {isa = PBXFileReference; fileEncoding = 4; lastKnownFileType = sourcecode.c.objc; path = "IQNSArray+Sort.m"; sourceTree = "<group>"; };
		7FFB54AE1E0933B400A930C7 /* IQUIView+Hierarchy.h */ = {isa = PBXFileReference; fileEncoding = 4; lastKnownFileType = sourcecode.c.h; path = "IQUIView+Hierarchy.h"; sourceTree = "<group>"; };
		7FFB54AF1E0933B400A930C7 /* IQUIView+Hierarchy.m */ = {isa = PBXFileReference; fileEncoding = 4; lastKnownFileType = sourcecode.c.objc; path = "IQUIView+Hierarchy.m"; sourceTree = "<group>"; };
		7FFB54B01E0933B400A930C7 /* IQUIWindow+Hierarchy.h */ = {isa = PBXFileReference; fileEncoding = 4; lastKnownFileType = sourcecode.c.h; path = "IQUIWindow+Hierarchy.h"; sourceTree = "<group>"; };
		7FFB54B11E0933B400A930C7 /* IQUIWindow+Hierarchy.m */ = {isa = PBXFileReference; fileEncoding = 4; lastKnownFileType = sourcecode.c.objc; path = "IQUIWindow+Hierarchy.m"; sourceTree = "<group>"; };
		7FFB54B31E0933B400A930C7 /* IQKeyboardManagerConstants.h */ = {isa = PBXFileReference; fileEncoding = 4; lastKnownFileType = sourcecode.c.h; path = IQKeyboardManagerConstants.h; sourceTree = "<group>"; };
		7FFB54B41E0933B400A930C7 /* IQKeyboardManagerConstantsInternal.h */ = {isa = PBXFileReference; fileEncoding = 4; lastKnownFileType = sourcecode.c.h; path = IQKeyboardManagerConstantsInternal.h; sourceTree = "<group>"; };
		7FFB54B51E0933B400A930C7 /* IQKeyboardManager.h */ = {isa = PBXFileReference; fileEncoding = 4; lastKnownFileType = sourcecode.c.h; path = IQKeyboardManager.h; sourceTree = "<group>"; };
		7FFB54B61E0933B400A930C7 /* IQKeyboardManager.m */ = {isa = PBXFileReference; fileEncoding = 4; lastKnownFileType = sourcecode.c.objc; path = IQKeyboardManager.m; sourceTree = "<group>"; };
		7FFB54B71E0933B400A930C7 /* IQKeyboardReturnKeyHandler.h */ = {isa = PBXFileReference; fileEncoding = 4; lastKnownFileType = sourcecode.c.h; path = IQKeyboardReturnKeyHandler.h; sourceTree = "<group>"; };
		7FFB54B81E0933B400A930C7 /* IQKeyboardReturnKeyHandler.m */ = {isa = PBXFileReference; fileEncoding = 4; lastKnownFileType = sourcecode.c.objc; path = IQKeyboardReturnKeyHandler.m; sourceTree = "<group>"; };
		7FFB54BA1E0933B400A930C7 /* IQSegmentedNextPrevious.h */ = {isa = PBXFileReference; fileEncoding = 4; lastKnownFileType = sourcecode.c.h; path = IQSegmentedNextPrevious.h; sourceTree = "<group>"; };
		7FFB54BB1E0933B400A930C7 /* IQSegmentedNextPrevious.m */ = {isa = PBXFileReference; fileEncoding = 4; lastKnownFileType = sourcecode.c.objc; path = IQSegmentedNextPrevious.m; sourceTree = "<group>"; };
		7FFB54BD1E0933B400A930C7 /* IQTextView.h */ = {isa = PBXFileReference; fileEncoding = 4; lastKnownFileType = sourcecode.c.h; path = IQTextView.h; sourceTree = "<group>"; };
		7FFB54BE1E0933B400A930C7 /* IQTextView.m */ = {isa = PBXFileReference; fileEncoding = 4; lastKnownFileType = sourcecode.c.objc; path = IQTextView.m; sourceTree = "<group>"; };
		7FFB54C01E0933B400A930C7 /* IQBarButtonItem.h */ = {isa = PBXFileReference; fileEncoding = 4; lastKnownFileType = sourcecode.c.h; path = IQBarButtonItem.h; sourceTree = "<group>"; };
		7FFB54C11E0933B400A930C7 /* IQBarButtonItem.m */ = {isa = PBXFileReference; fileEncoding = 4; lastKnownFileType = sourcecode.c.objc; path = IQBarButtonItem.m; sourceTree = "<group>"; };
		7FFB54C21E0933B400A930C7 /* IQTitleBarButtonItem.h */ = {isa = PBXFileReference; fileEncoding = 4; lastKnownFileType = sourcecode.c.h; path = IQTitleBarButtonItem.h; sourceTree = "<group>"; };
		7FFB54C31E0933B400A930C7 /* IQTitleBarButtonItem.m */ = {isa = PBXFileReference; fileEncoding = 4; lastKnownFileType = sourcecode.c.objc; path = IQTitleBarButtonItem.m; sourceTree = "<group>"; };
		7FFB54C41E0933B400A930C7 /* IQToolbar.h */ = {isa = PBXFileReference; fileEncoding = 4; lastKnownFileType = sourcecode.c.h; path = IQToolbar.h; sourceTree = "<group>"; };
		7FFB54C51E0933B400A930C7 /* IQToolbar.m */ = {isa = PBXFileReference; fileEncoding = 4; lastKnownFileType = sourcecode.c.objc; path = IQToolbar.m; sourceTree = "<group>"; };
		7FFB54C61E0933B400A930C7 /* IQUIView+IQKeyboardToolbar.h */ = {isa = PBXFileReference; fileEncoding = 4; lastKnownFileType = sourcecode.c.h; path = "IQUIView+IQKeyboardToolbar.h"; sourceTree = "<group>"; };
		7FFB54C71E0933B400A930C7 /* IQUIView+IQKeyboardToolbar.m */ = {isa = PBXFileReference; fileEncoding = 4; lastKnownFileType = sourcecode.c.objc; path = "IQUIView+IQKeyboardToolbar.m"; sourceTree = "<group>"; };
		7FFB54C81E0933B400A930C7 /* KeyboardManager.h */ = {isa = PBXFileReference; fileEncoding = 4; lastKnownFileType = sourcecode.c.h; path = KeyboardManager.h; sourceTree = "<group>"; };
		7FFB54CA1E0933B400A930C7 /* IQKeyboardManager.bundle */ = {isa = PBXFileReference; lastKnownFileType = "wrapper.plug-in"; path = IQKeyboardManager.bundle; sourceTree = "<group>"; };
		7FFB54E51E09520C00A930C7 /* MapKit.framework */ = {isa = PBXFileReference; lastKnownFileType = wrapper.framework; name = MapKit.framework; path = System/Library/Frameworks/MapKit.framework; sourceTree = SDKROOT; };
		D2D605FA6ED061FED5593E10 /* Pods_Field_Tracker.framework */ = {isa = PBXFileReference; explicitFileType = wrapper.framework; includeInIndex = 0; path = Pods_Field_Tracker.framework; sourceTree = BUILT_PRODUCTS_DIR; };
		EC00213F96E9B87C3404DEAD /* Pods_OppoAttendanceTracker.framework */ = {isa = PBXFileReference; explicitFileType = wrapper.framework; includeInIndex = 0; path = Pods_OppoAttendanceTracker.framework; sourceTree = BUILT_PRODUCTS_DIR; };
/* End PBXFileReference section */

/* Begin PBXFrameworksBuildPhase section */
		7FFB546A1E092EBC00A930C7 /* Frameworks */ = {
			isa = PBXFrameworksBuildPhase;
			buildActionMask = 2147483647;
			files = (
				7F9FC6CF1E1E3277005767F6 /* MessageUI.framework in Frameworks */,
				7FA481D41E162EF200345BCE /* CoreData.framework in Frameworks */,
				7FA239A71E0A939300D293D5 /* KeyboardManager.framework in Frameworks */,
				7FECDA531E0A4D1C000E923F /* CoreLocation.framework in Frameworks */,
				7FFB54E61E09520C00A930C7 /* MapKit.framework in Frameworks */,
				27FC09E77673E9E0B1BDDD97 /* Pods_Field_Tracker.framework in Frameworks */,
			);
			runOnlyForDeploymentPostprocessing = 0;
		};
		7FFB54831E092EBC00A930C7 /* Frameworks */ = {
			isa = PBXFrameworksBuildPhase;
			buildActionMask = 2147483647;
			files = (
			);
			runOnlyForDeploymentPostprocessing = 0;
		};
		7FFB548E1E092EBC00A930C7 /* Frameworks */ = {
			isa = PBXFrameworksBuildPhase;
			buildActionMask = 2147483647;
			files = (
			);
			runOnlyForDeploymentPostprocessing = 0;
		};
/* End PBXFrameworksBuildPhase section */

/* Begin PBXGroup section */
		4201B161AF5C4B6DB38A12E0 /* Frameworks */ = {
			isa = PBXGroup;
			children = (
				D2D605FA6ED061FED5593E10 /* Pods_Field_Tracker.framework */,
			);
			name = Frameworks;
			sourceTree = "<group>";
		};
		6DD7983B09A6BAE248205E4C /* Pods */ = {
			isa = PBXGroup;
			children = (
				489AE62006A5509B72619D6E /* Pods-OppoAttendanceTracker.debug.xcconfig */,
				2DED812F7E0DD8567B3338CC /* Pods-OppoAttendanceTracker.release.xcconfig */,
				36B4DEA742DB76EB695F833A /* Pods-Field Tracker.debug.xcconfig */,
				5544F011375BD9C37A491A69 /* Pods-Field Tracker.release.xcconfig */,
			);
			name = Pods;
			sourceTree = "<group>";
		};
		7F04BA3D1E121FF200679905 /* Helper Libraries */ = {
			isa = PBXGroup;
			children = (
				7FF7F4021E1F897D001E3F5F /* RSDayFlow */,
				7FA481CA1E161A0F00345BCE /* Reachability */,
				7F8CE5FB1E14EFD10067D0F8 /* Footer Refresh */,
				7F04BA691E12218F00679905 /* Popup View */,
				7F04BA651E12210200679905 /* MultiSelectSegment */,
				7F04BA421E1220A600679905 /* Restkit WebAPI */,
				7F04BA3E1E12201700679905 /* Indicator */,
			);
			name = "Helper Libraries";
			sourceTree = "<group>";
		};
		7F04BA3E1E12201700679905 /* Indicator */ = {
			isa = PBXGroup;
			children = (
				7F04BA3F1E12203200679905 /* DejalActivityView.h */,
				7F04BA401E12203200679905 /* DejalActivityView.m */,
			);
			name = Indicator;
			sourceTree = "<group>";
		};
		7F04BA421E1220A600679905 /* Restkit WebAPI */ = {
			isa = PBXGroup;
			children = (
				7F04BA431E1220CC00679905 /* AFHTTPClient.h */,
				7F04BA441E1220CC00679905 /* AFHTTPClient.m */,
				7F04BA451E1220CC00679905 /* AFHTTPRequestOperation.h */,
				7F04BA461E1220CC00679905 /* AFHTTPRequestOperation.m */,
				7F04BA471E1220CC00679905 /* AFImageRequestOperation.h */,
				7F04BA481E1220CC00679905 /* AFImageRequestOperation.m */,
				7F04BA491E1220CC00679905 /* AFJSONRequestOperation.h */,
				7F04BA4A1E1220CC00679905 /* AFJSONRequestOperation.m */,
				7F04BA4B1E1220CC00679905 /* AFNetworkActivityIndicatorManager.h */,
				7F04BA4C1E1220CC00679905 /* AFNetworkActivityIndicatorManager.m */,
				7F04BA4D1E1220CC00679905 /* AFNetworking.h */,
				7F04BA4E1E1220CC00679905 /* AFPropertyListRequestOperation.h */,
				7F04BA4F1E1220CC00679905 /* AFPropertyListRequestOperation.m */,
				7F04BA501E1220CC00679905 /* AFURLConnectionOperation.h */,
				7F04BA511E1220CC00679905 /* AFURLConnectionOperation.m */,
				7F04BA521E1220CC00679905 /* AFXMLRequestOperation.h */,
				7F04BA531E1220CC00679905 /* AFXMLRequestOperation.m */,
				7F04BA541E1220CC00679905 /* UIImageView+AFNetworking.h */,
				7F04BA551E1220CC00679905 /* UIImageView+AFNetworking.m */,
			);
			name = "Restkit WebAPI";
			sourceTree = "<group>";
		};
		7F04BA651E12210200679905 /* MultiSelectSegment */ = {
			isa = PBXGroup;
			children = (
				7F04BA661E12211E00679905 /* MultiSelectSegmentedControl.h */,
				7F04BA671E12211E00679905 /* MultiSelectSegmentedControl.m */,
			);
			name = MultiSelectSegment;
			sourceTree = "<group>";
		};
		7F04BA691E12218F00679905 /* Popup View */ = {
			isa = PBXGroup;
			children = (
				7F04BA6A1E1221A700679905 /* BIZPopupViewController.h */,
				7F04BA6B1E1221A700679905 /* BIZPopupViewController.m */,
				7F04BA6C1E1221A700679905 /* BIZPopupViewControllerDelegate.h */,
				7F04BA6D1E1221A700679905 /* TPKeyboardAvoidingCollectionView.h */,
				7F04BA6E1E1221A700679905 /* TPKeyboardAvoidingCollectionView.m */,
				7F04BA6F1E1221A700679905 /* TPKeyboardAvoidingScrollView.h */,
				7F04BA701E1221A700679905 /* TPKeyboardAvoidingScrollView.m */,
				7F04BA711E1221A700679905 /* TPKeyboardAvoidingTableView.h */,
				7F04BA721E1221A700679905 /* TPKeyboardAvoidingTableView.m */,
				7F04BA731E1221A700679905 /* UIScrollView+TPKeyboardAvoidingAdditions.h */,
				7F04BA741E1221A700679905 /* UIScrollView+TPKeyboardAvoidingAdditions.m */,
				7F04BA751E1221A700679905 /* UIViewController+BIZChildViewController.h */,
				7F04BA761E1221A700679905 /* UIViewController+BIZChildViewController.m */,
			);
			name = "Popup View";
			sourceTree = "<group>";
		};
		7F04BA7D1E1222B100679905 /* ViewControllers */ = {
			isa = PBXGroup;
			children = (
				7F04BA811E1222E200679905 /* Add Edit Store */,
				7F04BA801E1222CE00679905 /* Attendance */,
				7F04BA7F1E1222C500679905 /* History */,
				7F04BA7E1E1222BD00679905 /* More */,
			);
			name = ViewControllers;
			sourceTree = "<group>";
		};
		7F04BA7E1E1222BD00679905 /* More */ = {
			isa = PBXGroup;
			children = (
				7F04BA9A1E12565700679905 /* PopUpForStoreList */,
				7F04BA961E12238300679905 /* CustomCellForLeave */,
				7F04BA931E12237700679905 /* MKMoreVC.h */,
				7F04BA941E12237700679905 /* MKMoreVC.m */,
			);
			name = More;
			sourceTree = "<group>";
		};
		7F04BA7F1E1222C500679905 /* History */ = {
			isa = PBXGroup;
			children = (
				7F04BA8C1E12234700679905 /* Custom Cell */,
				7F04BA891E12234400679905 /* MKHistoryVC.h */,
				7F04BA8A1E12234400679905 /* MKHistoryVC.m */,
			);
			name = History;
			sourceTree = "<group>";
		};
		7F04BA801E1222CE00679905 /* Attendance */ = {
			isa = PBXGroup;
			children = (
				7F04BA861E12232C00679905 /* MKHomeVC.h */,
				7F04BA871E12232C00679905 /* MKHomeVC.m */,
			);
			name = Attendance;
			sourceTree = "<group>";
		};
		7F04BA811E1222E200679905 /* Add Edit Store */ = {
			isa = PBXGroup;
			children = (
				7F04BA821E1222F400679905 /* MKAddStoreVC.h */,
				7F04BA831E1222F400679905 /* MKAddStoreVC.m */,
			);
			name = "Add Edit Store";
			sourceTree = "<group>";
		};
		7F04BA8C1E12234700679905 /* Custom Cell */ = {
			isa = PBXGroup;
			children = (
				7F04BA8D1E12235A00679905 /* MKHistoryCustomCell.h */,
				7F04BA8E1E12235A00679905 /* MKHistoryCustomCell.m */,
				7F04BA8F1E12235A00679905 /* MKIndividualHistoryCell.h */,
				7F04BA901E12235A00679905 /* MKIndividualHistoryCell.m */,
			);
			name = "Custom Cell";
			sourceTree = "<group>";
		};
		7F04BA961E12238300679905 /* CustomCellForLeave */ = {
			isa = PBXGroup;
			children = (
				7F04BA971E12239600679905 /* MKCustomCellForLeave.h */,
				7F04BA981E12239600679905 /* MKCustomCellForLeave.m */,
			);
			name = CustomCellForLeave;
			sourceTree = "<group>";
		};
		7F04BA9A1E12565700679905 /* PopUpForStoreList */ = {
			isa = PBXGroup;
			children = (
				7F04BA9B1E12568500679905 /* MKStoreListPopupVC.h */,
				7F04BA9C1E12568500679905 /* MKStoreListPopupVC.m */,
			);
			name = PopUpForStoreList;
			sourceTree = "<group>";
		};
		7F04BA9E1E128B0100679905 /* Shared Class */ = {
			isa = PBXGroup;
			children = (
				7F04BA9F1E128B1F00679905 /* MKSharedClass.h */,
				7F04BAA01E128B1F00679905 /* MKSharedClass.m */,
			);
			name = "Shared Class";
			sourceTree = "<group>";
		};
		7F8CE5FB1E14EFD10067D0F8 /* Footer Refresh */ = {
			isa = PBXGroup;
			children = (
				7F8CE5FC1E14F0030067D0F8 /* UIScrollView+DXRefresh.h */,
				7F8CE5FD1E14F0030067D0F8 /* UIScrollView+DXRefresh.m */,
			);
			name = "Footer Refresh";
			sourceTree = "<group>";
		};
		7FA481CA1E161A0F00345BCE /* Reachability */ = {
			isa = PBXGroup;
			children = (
				7FA481CE1E161F1200345BCE /* Reachability.h */,
				7FA481CF1E161F1200345BCE /* Reachability.m */,
			);
			name = Reachability;
			sourceTree = "<group>";
		};
		7FA481D51E162FBB00345BCE /* CoreData */ = {
			isa = PBXGroup;
			children = (
				7FA481D61E162FE400345BCE /* FieldTracker.xcdatamodeld */,
			);
			name = CoreData;
			sourceTree = "<group>";
		};
		7FF7F4021E1F897D001E3F5F /* RSDayFlow */ = {
			isa = PBXGroup;
			children = (
				7FF7F4031E1F89A5001E3F5F /* module.modulemap */,
				7FF7F4041E1F89A5001E3F5F /* NSCalendar+RSDFAdditions.h */,
				7FF7F4051E1F89A5001E3F5F /* NSCalendar+RSDFAdditions.m */,
				7FF7F4061E1F89A5001E3F5F /* RSDayFlow.h */,
				7FF7F4071E1F89A5001E3F5F /* RSDFDatePickerCollectionView.h */,
				7FF7F4081E1F89A6001E3F5F /* RSDFDatePickerCollectionView.m */,
				7FF7F4091E1F89A6001E3F5F /* RSDFDatePickerCollectionViewLayout.h */,
				7FF7F40A1E1F89A6001E3F5F /* RSDFDatePickerCollectionViewLayout.m */,
				7FF7F40B1E1F89A6001E3F5F /* RSDFDatePickerDate.h */,
				7FF7F40C1E1F89A6001E3F5F /* RSDFDatePickerDayCell.h */,
				7FF7F40D1E1F89A6001E3F5F /* RSDFDatePickerDayCell.m */,
				7FF7F40E1E1F89A6001E3F5F /* RSDFDatePickerDaysOfWeekView.h */,
				7FF7F40F1E1F89A6001E3F5F /* RSDFDatePickerDaysOfWeekView.m */,
				7FF7F4101E1F89A6001E3F5F /* RSDFDatePickerMonthHeader.h */,
				7FF7F4111E1F89A6001E3F5F /* RSDFDatePickerMonthHeader.m */,
				7FF7F4121E1F89A6001E3F5F /* RSDFDatePickerView.h */,
				7FF7F4131E1F89A6001E3F5F /* RSDFDatePickerView.m */,
				7FF7F4141E1F89A6001E3F5F /* RSDFDatePickerView+Protected.h */,
			);
			name = RSDayFlow;
			sourceTree = "<group>";
		};
		7FFB54641E092EBC00A930C7 = {
			isa = PBXGroup;
			children = (
				7FFB546F1E092EBC00A930C7 /* OppoAttendanceTracker */,
				7FFB54891E092EBC00A930C7 /* OppoAttendanceTrackerTests */,
				7FFB54941E092EBC00A930C7 /* OppoAttendanceTrackerUITests */,
				7FFB546E1E092EBC00A930C7 /* Products */,
				6DD7983B09A6BAE248205E4C /* Pods */,
				4201B161AF5C4B6DB38A12E0 /* Frameworks */,
			);
			sourceTree = "<group>";
		};
		7FFB546E1E092EBC00A930C7 /* Products */ = {
			isa = PBXGroup;
			children = (
				7FFB546D1E092EBC00A930C7 /* Field Tracker.app */,
				7FFB54861E092EBC00A930C7 /* Field Tracker.xctest */,
				7FFB54911E092EBC00A930C7 /* Field Tracker.xctest */,
			);
			name = Products;
			sourceTree = "<group>";
		};
		7FFB546F1E092EBC00A930C7 /* OppoAttendanceTracker */ = {
			isa = PBXGroup;
			children = (
				7FA481D51E162FBB00345BCE /* CoreData */,
				7F04BA9E1E128B0100679905 /* Shared Class */,
				7F04BA7D1E1222B100679905 /* ViewControllers */,
				7F04BA3D1E121FF200679905 /* Helper Libraries */,
				7FECDA501E0A460F000E923F /* Podfile */,
				7FFB54E41E0951F400A930C7 /* Frameworks */,
				7FFB54AA1E0933B400A930C7 /* IQKeyBoardManager */,
				7FFB54A81E09338200A930C7 /* KeyboardManager.framework */,
				7FFB54A31E092F4800A930C7 /* ImageAssets */,
				7FFB54731E092EBC00A930C7 /* AppDelegate.h */,
				7FFB54741E092EBC00A930C7 /* AppDelegate.m */,
				7FFB54761E092EBC00A930C7 /* ViewController.h */,
				7FFB54771E092EBC00A930C7 /* ViewController.m */,
				7FFB54791E092EBC00A930C7 /* Main.storyboard */,
				7FFB547C1E092EBC00A930C7 /* Assets.xcassets */,
				7FFB547E1E092EBC00A930C7 /* LaunchScreen.storyboard */,
				7FFB54811E092EBC00A930C7 /* Info.plist */,
				7FFB54701E092EBC00A930C7 /* Supporting Files */,
				7FDB2ACD1E0B8B28002E3117 /* PrefixHeader.pch */,
			);
			path = OppoAttendanceTracker;
			sourceTree = "<group>";
		};
		7FFB54701E092EBC00A930C7 /* Supporting Files */ = {
			isa = PBXGroup;
			children = (
				7FFB54711E092EBC00A930C7 /* main.m */,
			);
			name = "Supporting Files";
			sourceTree = "<group>";
		};
		7FFB54891E092EBC00A930C7 /* OppoAttendanceTrackerTests */ = {
			isa = PBXGroup;
			children = (
				7FFB548A1E092EBC00A930C7 /* OppoAttendanceTrackerTests.m */,
				7FFB548C1E092EBC00A930C7 /* Info.plist */,
			);
			path = OppoAttendanceTrackerTests;
			sourceTree = "<group>";
		};
		7FFB54941E092EBC00A930C7 /* OppoAttendanceTrackerUITests */ = {
			isa = PBXGroup;
			children = (
				7FFB54951E092EBC00A930C7 /* OppoAttendanceTrackerUITests.m */,
				7FFB54971E092EBC00A930C7 /* Info.plist */,
			);
			path = OppoAttendanceTrackerUITests;
			sourceTree = "<group>";
		};
		7FFB54A31E092F4800A930C7 /* ImageAssets */ = {
			isa = PBXGroup;
			children = (
				7FFB54A41E092F7700A930C7 /* Images.xcassets */,
			);
			name = ImageAssets;
			path = ..;
			sourceTree = "<group>";
		};
		7FFB54AA1E0933B400A930C7 /* IQKeyBoardManager */ = {
			isa = PBXGroup;
			children = (
				7FFB54AB1E0933B400A930C7 /* Categories */,
				7FFB54B21E0933B400A930C7 /* Constants */,
				7FFB54B51E0933B400A930C7 /* IQKeyboardManager.h */,
				7FFB54B61E0933B400A930C7 /* IQKeyboardManager.m */,
				7FFB54B71E0933B400A930C7 /* IQKeyboardReturnKeyHandler.h */,
				7FFB54B81E0933B400A930C7 /* IQKeyboardReturnKeyHandler.m */,
				7FFB54B91E0933B400A930C7 /* IQSegmentedNextPrevious */,
				7FFB54BC1E0933B400A930C7 /* IQTextView */,
				7FFB54BF1E0933B400A930C7 /* IQToolbar */,
				7FFB54C81E0933B400A930C7 /* KeyboardManager.h */,
				7FFB54C91E0933B400A930C7 /* Resources */,
			);
			name = IQKeyBoardManager;
			path = ../IQKeyBoardManager;
			sourceTree = "<group>";
		};
		7FFB54AB1E0933B400A930C7 /* Categories */ = {
			isa = PBXGroup;
			children = (
				7FFB54AC1E0933B400A930C7 /* IQNSArray+Sort.h */,
				7FFB54AD1E0933B400A930C7 /* IQNSArray+Sort.m */,
				7FFB54AE1E0933B400A930C7 /* IQUIView+Hierarchy.h */,
				7FFB54AF1E0933B400A930C7 /* IQUIView+Hierarchy.m */,
				7FFB54B01E0933B400A930C7 /* IQUIWindow+Hierarchy.h */,
				7FFB54B11E0933B400A930C7 /* IQUIWindow+Hierarchy.m */,
			);
			path = Categories;
			sourceTree = "<group>";
		};
		7FFB54B21E0933B400A930C7 /* Constants */ = {
			isa = PBXGroup;
			children = (
				7FFB54B31E0933B400A930C7 /* IQKeyboardManagerConstants.h */,
				7FFB54B41E0933B400A930C7 /* IQKeyboardManagerConstantsInternal.h */,
			);
			path = Constants;
			sourceTree = "<group>";
		};
		7FFB54B91E0933B400A930C7 /* IQSegmentedNextPrevious */ = {
			isa = PBXGroup;
			children = (
				7FFB54BA1E0933B400A930C7 /* IQSegmentedNextPrevious.h */,
				7FFB54BB1E0933B400A930C7 /* IQSegmentedNextPrevious.m */,
			);
			path = IQSegmentedNextPrevious;
			sourceTree = "<group>";
		};
		7FFB54BC1E0933B400A930C7 /* IQTextView */ = {
			isa = PBXGroup;
			children = (
				7FFB54BD1E0933B400A930C7 /* IQTextView.h */,
				7FFB54BE1E0933B400A930C7 /* IQTextView.m */,
			);
			path = IQTextView;
			sourceTree = "<group>";
		};
		7FFB54BF1E0933B400A930C7 /* IQToolbar */ = {
			isa = PBXGroup;
			children = (
				7FFB54C01E0933B400A930C7 /* IQBarButtonItem.h */,
				7FFB54C11E0933B400A930C7 /* IQBarButtonItem.m */,
				7FFB54C21E0933B400A930C7 /* IQTitleBarButtonItem.h */,
				7FFB54C31E0933B400A930C7 /* IQTitleBarButtonItem.m */,
				7FFB54C41E0933B400A930C7 /* IQToolbar.h */,
				7FFB54C51E0933B400A930C7 /* IQToolbar.m */,
				7FFB54C61E0933B400A930C7 /* IQUIView+IQKeyboardToolbar.h */,
				7FFB54C71E0933B400A930C7 /* IQUIView+IQKeyboardToolbar.m */,
			);
			path = IQToolbar;
			sourceTree = "<group>";
		};
		7FFB54C91E0933B400A930C7 /* Resources */ = {
			isa = PBXGroup;
			children = (
				7FFB54CA1E0933B400A930C7 /* IQKeyboardManager.bundle */,
			);
			path = Resources;
			sourceTree = "<group>";
		};
		7FFB54E41E0951F400A930C7 /* Frameworks */ = {
			isa = PBXGroup;
			children = (
				7F9FC6CE1E1E3277005767F6 /* MessageUI.framework */,
				7FA481D31E162EF200345BCE /* CoreData.framework */,
				7FECDA521E0A4D1C000E923F /* CoreLocation.framework */,
				7FFB54E51E09520C00A930C7 /* MapKit.framework */,
				EC00213F96E9B87C3404DEAD /* Pods_OppoAttendanceTracker.framework */,
			);
			name = Frameworks;
			path = ..;
			sourceTree = "<group>";
		};
/* End PBXGroup section */

/* Begin PBXNativeTarget section */
		7FFB546C1E092EBC00A930C7 /* Field Tracker */ = {
			isa = PBXNativeTarget;
			buildConfigurationList = 7FFB549A1E092EBD00A930C7 /* Build configuration list for PBXNativeTarget "Field Tracker" */;
			buildPhases = (
				77BC17008FEAE24919B4B81F /* [CP] Check Pods Manifest.lock */,
				7FFB54691E092EBC00A930C7 /* Sources */,
				7FFB546A1E092EBC00A930C7 /* Frameworks */,
				7FFB546B1E092EBC00A930C7 /* Resources */,
				CE1202BF5C105D2AD172C434 /* [CP] Embed Pods Frameworks */,
				39E2F3679B3581F501B62262 /* [CP] Copy Pods Resources */,
				7F9FC6D01E1E4F32005767F6 /* ShellScript */,
			);
			buildRules = (
			);
			dependencies = (
			);
			name = "Field Tracker";
			productName = OppoAttendanceTracker;
			productReference = 7FFB546D1E092EBC00A930C7 /* Field Tracker.app */;
			productType = "com.apple.product-type.application";
		};
		7FFB54851E092EBC00A930C7 /* Field TrackerTests */ = {
			isa = PBXNativeTarget;
			buildConfigurationList = 7FFB549D1E092EBD00A930C7 /* Build configuration list for PBXNativeTarget "Field TrackerTests" */;
			buildPhases = (
				7FFB54821E092EBC00A930C7 /* Sources */,
				7FFB54831E092EBC00A930C7 /* Frameworks */,
				7FFB54841E092EBC00A930C7 /* Resources */,
			);
			buildRules = (
			);
			dependencies = (
				7FFB54881E092EBC00A930C7 /* PBXTargetDependency */,
			);
			name = "Field TrackerTests";
			productName = OppoAttendanceTrackerTests;
			productReference = 7FFB54861E092EBC00A930C7 /* Field Tracker.xctest */;
			productType = "com.apple.product-type.bundle.unit-test";
		};
		7FFB54901E092EBC00A930C7 /* Field TrackerUITests */ = {
			isa = PBXNativeTarget;
			buildConfigurationList = 7FFB54A01E092EBD00A930C7 /* Build configuration list for PBXNativeTarget "Field TrackerUITests" */;
			buildPhases = (
				7FFB548D1E092EBC00A930C7 /* Sources */,
				7FFB548E1E092EBC00A930C7 /* Frameworks */,
				7FFB548F1E092EBC00A930C7 /* Resources */,
			);
			buildRules = (
			);
			dependencies = (
				7FFB54931E092EBC00A930C7 /* PBXTargetDependency */,
			);
			name = "Field TrackerUITests";
			productName = OppoAttendanceTrackerUITests;
			productReference = 7FFB54911E092EBC00A930C7 /* Field Tracker.xctest */;
			productType = "com.apple.product-type.bundle.ui-testing";
		};
/* End PBXNativeTarget section */

/* Begin PBXProject section */
		7FFB54651E092EBC00A930C7 /* Project object */ = {
			isa = PBXProject;
			attributes = {
				CLASSPREFIX = MK;
				LastUpgradeCheck = 0730;
				TargetAttributes = {
					7FFB546C1E092EBC00A930C7 = {
						CreatedOnToolsVersion = 7.3.1;
						DevelopmentTeam = S3ATU3GSN7;
						SystemCapabilities = {
							com.apple.BackgroundModes = {
								enabled = 1;
							};
						};
					};
					7FFB54851E092EBC00A930C7 = {
						CreatedOnToolsVersion = 7.3.1;
						TestTargetID = 7FFB546C1E092EBC00A930C7;
					};
					7FFB54901E092EBC00A930C7 = {
						CreatedOnToolsVersion = 7.3.1;
						TestTargetID = 7FFB546C1E092EBC00A930C7;
					};
				};
			};
			buildConfigurationList = 7FFB54681E092EBC00A930C7 /* Build configuration list for PBXProject "Field Tracker" */;
			compatibilityVersion = "Xcode 3.2";
			developmentRegion = English;
			hasScannedForEncodings = 0;
			knownRegions = (
				en,
				Base,
			);
			mainGroup = 7FFB54641E092EBC00A930C7;
			productRefGroup = 7FFB546E1E092EBC00A930C7 /* Products */;
			projectDirPath = "";
			projectRoot = "";
			targets = (
				7FFB546C1E092EBC00A930C7 /* Field Tracker */,
				7FFB54851E092EBC00A930C7 /* Field TrackerTests */,
				7FFB54901E092EBC00A930C7 /* Field TrackerUITests */,
			);
		};
/* End PBXProject section */

/* Begin PBXResourcesBuildPhase section */
		7FFB546B1E092EBC00A930C7 /* Resources */ = {
			isa = PBXResourcesBuildPhase;
			buildActionMask = 2147483647;
			files = (
				7FECDA511E0A4610000E923F /* Podfile in Resources */,
				7FFB54D61E0933B400A930C7 /* IQKeyboardManager.bundle in Resources */,
				7FFB54801E092EBC00A930C7 /* LaunchScreen.storyboard in Resources */,
				7FFB54A51E092F7700A930C7 /* Images.xcassets in Resources */,
				7FFB547D1E092EBC00A930C7 /* Assets.xcassets in Resources */,
				7FFB547B1E092EBC00A930C7 /* Main.storyboard in Resources */,
			);
			runOnlyForDeploymentPostprocessing = 0;
		};
		7FFB54841E092EBC00A930C7 /* Resources */ = {
			isa = PBXResourcesBuildPhase;
			buildActionMask = 2147483647;
			files = (
			);
			runOnlyForDeploymentPostprocessing = 0;
		};
		7FFB548F1E092EBC00A930C7 /* Resources */ = {
			isa = PBXResourcesBuildPhase;
			buildActionMask = 2147483647;
			files = (
			);
			runOnlyForDeploymentPostprocessing = 0;
		};
/* End PBXResourcesBuildPhase section */

/* Begin PBXShellScriptBuildPhase section */
		39E2F3679B3581F501B62262 /* [CP] Copy Pods Resources */ = {
			isa = PBXShellScriptBuildPhase;
			buildActionMask = 2147483647;
			files = (
			);
			inputPaths = (
			);
			name = "[CP] Copy Pods Resources";
			outputPaths = (
			);
			runOnlyForDeploymentPostprocessing = 0;
			shellPath = /bin/sh;
			shellScript = "\"${SRCROOT}/Pods/Target Support Files/Pods-Field Tracker/Pods-Field Tracker-resources.sh\"\n";
			showEnvVarsInLog = 0;
		};
		77BC17008FEAE24919B4B81F /* [CP] Check Pods Manifest.lock */ = {
			isa = PBXShellScriptBuildPhase;
			buildActionMask = 2147483647;
			files = (
			);
			inputPaths = (
			);
			name = "[CP] Check Pods Manifest.lock";
			outputPaths = (
			);
			runOnlyForDeploymentPostprocessing = 0;
			shellPath = /bin/sh;
			shellScript = "diff \"${PODS_ROOT}/../Podfile.lock\" \"${PODS_ROOT}/Manifest.lock\" > /dev/null\nif [ $? != 0 ] ; then\n    # print error to STDERR\n    echo \"error: The sandbox is not in sync with the Podfile.lock. Run 'pod install' or update your CocoaPods installation.\" >&2\n    exit 1\nfi\n";
			showEnvVarsInLog = 0;
		};
		7F9FC6D01E1E4F32005767F6 /* ShellScript */ = {
			isa = PBXShellScriptBuildPhase;
			buildActionMask = 2147483647;
			files = (
			);
			inputPaths = (
			);
			outputPaths = (
			);
			runOnlyForDeploymentPostprocessing = 0;
			shellPath = /bin/sh;
			shellScript = "\"${PODS_ROOT}/Fabric/run\" b9b3d36301f3599cd5a1a05642ae5689c558a52d 5fbca92929dca13946c21e23df5162adee46d785b8ccdf143c08d5771ec95981";
		};
		CE1202BF5C105D2AD172C434 /* [CP] Embed Pods Frameworks */ = {
			isa = PBXShellScriptBuildPhase;
			buildActionMask = 2147483647;
			files = (
			);
			inputPaths = (
			);
			name = "[CP] Embed Pods Frameworks";
			outputPaths = (
			);
			runOnlyForDeploymentPostprocessing = 0;
			shellPath = /bin/sh;
			shellScript = "\"${SRCROOT}/Pods/Target Support Files/Pods-Field Tracker/Pods-Field Tracker-frameworks.sh\"\n";
			showEnvVarsInLog = 0;
		};
/* End PBXShellScriptBuildPhase section */

/* Begin PBXSourcesBuildPhase section */
		7FFB54691E092EBC00A930C7 /* Sources */ = {
			isa = PBXSourcesBuildPhase;
			buildActionMask = 2147483647;
			files = (
				7FFB54CB1E0933B400A930C7 /* IQNSArray+Sort.m in Sources */,
				7FA481D81E162FE400345BCE /* FieldTracker.xcdatamodeld in Sources */,
				7F04BA9D1E12568500679905 /* MKStoreListPopupVC.m in Sources */,
				7F04BA951E12237700679905 /* MKMoreVC.m in Sources */,
				7F04BA5D1E1220CC00679905 /* AFXMLRequestOperation.m in Sources */,
				7FF7F4151E1F89A6001E3F5F /* NSCalendar+RSDFAdditions.m in Sources */,
				7FFB54D31E0933B400A930C7 /* IQTitleBarButtonItem.m in Sources */,
				7FF7F4171E1F89A6001E3F5F /* RSDFDatePickerCollectionViewLayout.m in Sources */,
				7F04BA7B1E1221A700679905 /* UIScrollView+TPKeyboardAvoidingAdditions.m in Sources */,
				7F04BA571E1220CC00679905 /* AFHTTPRequestOperation.m in Sources */,
				7FFB54CF1E0933B400A930C7 /* IQKeyboardReturnKeyHandler.m in Sources */,
				7F04BA841E1222F400679905 /* MKAddStoreVC.m in Sources */,
				7FFB54D51E0933B400A930C7 /* IQUIView+IQKeyboardToolbar.m in Sources */,
				7FFB54D21E0933B400A930C7 /* IQBarButtonItem.m in Sources */,
				7F04BA5C1E1220CC00679905 /* AFURLConnectionOperation.m in Sources */,
				7F04BA771E1221A700679905 /* BIZPopupViewController.m in Sources */,
				7FFB54D01E0933B400A930C7 /* IQSegmentedNextPrevious.m in Sources */,
				7FF7F4191E1F89A6001E3F5F /* RSDFDatePickerDaysOfWeekView.m in Sources */,
				7F04BA791E1221A700679905 /* TPKeyboardAvoidingScrollView.m in Sources */,
				7F04BA881E12232C00679905 /* MKHomeVC.m in Sources */,
				7FFB54D11E0933B400A930C7 /* IQTextView.m in Sources */,
				7F04BA8B1E12234400679905 /* MKHistoryVC.m in Sources */,
				7FFB54CE1E0933B400A930C7 /* IQKeyboardManager.m in Sources */,
				7F04BA591E1220CC00679905 /* AFJSONRequestOperation.m in Sources */,
				7FFB54781E092EBC00A930C7 /* ViewController.m in Sources */,
				7F04BA561E1220CC00679905 /* AFHTTPClient.m in Sources */,
				7F8CE5FE1E14F0030067D0F8 /* UIScrollView+DXRefresh.m in Sources */,
				7F04BA5E1E1220CC00679905 /* UIImageView+AFNetworking.m in Sources */,
				7FF7F4181E1F89A6001E3F5F /* RSDFDatePickerDayCell.m in Sources */,
				7FFB54751E092EBC00A930C7 /* AppDelegate.m in Sources */,
				7FFB54D41E0933B400A930C7 /* IQToolbar.m in Sources */,
				7FFB54CD1E0933B400A930C7 /* IQUIWindow+Hierarchy.m in Sources */,
				7FFB54721E092EBC00A930C7 /* main.m in Sources */,
				7FA481D01E161F1200345BCE /* Reachability.m in Sources */,
				7F04BAA11E128B1F00679905 /* MKSharedClass.m in Sources */,
				7FF7F41B1E1F89A6001E3F5F /* RSDFDatePickerView.m in Sources */,
				7FF7F41A1E1F89A6001E3F5F /* RSDFDatePickerMonthHeader.m in Sources */,
				7F04BA781E1221A700679905 /* TPKeyboardAvoidingCollectionView.m in Sources */,
				7F04BA581E1220CC00679905 /* AFImageRequestOperation.m in Sources */,
				7FF7F4161E1F89A6001E3F5F /* RSDFDatePickerCollectionView.m in Sources */,
				7FFB54CC1E0933B400A930C7 /* IQUIView+Hierarchy.m in Sources */,
				7F04BA681E12211E00679905 /* MultiSelectSegmentedControl.m in Sources */,
				7F04BA5B1E1220CC00679905 /* AFPropertyListRequestOperation.m in Sources */,
				7F04BA911E12235A00679905 /* MKHistoryCustomCell.m in Sources */,
				7F04BA921E12235A00679905 /* MKIndividualHistoryCell.m in Sources */,
				7F04BA411E12203200679905 /* DejalActivityView.m in Sources */,
				7F04BA7C1E1221A700679905 /* UIViewController+BIZChildViewController.m in Sources */,
				7F04BA7A1E1221A700679905 /* TPKeyboardAvoidingTableView.m in Sources */,
				7F04BA991E12239600679905 /* MKCustomCellForLeave.m in Sources */,
				7F04BA5A1E1220CC00679905 /* AFNetworkActivityIndicatorManager.m in Sources */,
			);
			runOnlyForDeploymentPostprocessing = 0;
		};
		7FFB54821E092EBC00A930C7 /* Sources */ = {
			isa = PBXSourcesBuildPhase;
			buildActionMask = 2147483647;
			files = (
				7FFB548B1E092EBC00A930C7 /* OppoAttendanceTrackerTests.m in Sources */,
			);
			runOnlyForDeploymentPostprocessing = 0;
		};
		7FFB548D1E092EBC00A930C7 /* Sources */ = {
			isa = PBXSourcesBuildPhase;
			buildActionMask = 2147483647;
			files = (
				7FFB54961E092EBC00A930C7 /* OppoAttendanceTrackerUITests.m in Sources */,
			);
			runOnlyForDeploymentPostprocessing = 0;
		};
/* End PBXSourcesBuildPhase section */

/* Begin PBXTargetDependency section */
		7FFB54881E092EBC00A930C7 /* PBXTargetDependency */ = {
			isa = PBXTargetDependency;
			target = 7FFB546C1E092EBC00A930C7 /* Field Tracker */;
			targetProxy = 7FFB54871E092EBC00A930C7 /* PBXContainerItemProxy */;
		};
		7FFB54931E092EBC00A930C7 /* PBXTargetDependency */ = {
			isa = PBXTargetDependency;
			target = 7FFB546C1E092EBC00A930C7 /* Field Tracker */;
			targetProxy = 7FFB54921E092EBC00A930C7 /* PBXContainerItemProxy */;
		};
/* End PBXTargetDependency section */

/* Begin PBXVariantGroup section */
		7FFB54791E092EBC00A930C7 /* Main.storyboard */ = {
			isa = PBXVariantGroup;
			children = (
				7FFB547A1E092EBC00A930C7 /* Base */,
			);
			name = Main.storyboard;
			sourceTree = "<group>";
		};
		7FFB547E1E092EBC00A930C7 /* LaunchScreen.storyboard */ = {
			isa = PBXVariantGroup;
			children = (
				7FFB547F1E092EBC00A930C7 /* Base */,
			);
			name = LaunchScreen.storyboard;
			sourceTree = "<group>";
		};
/* End PBXVariantGroup section */

/* Begin XCBuildConfiguration section */
		7FFB54981E092EBD00A930C7 /* Debug */ = {
			isa = XCBuildConfiguration;
			buildSettings = {
				ALWAYS_SEARCH_USER_PATHS = NO;
				CLANG_ANALYZER_NONNULL = YES;
				CLANG_CXX_LANGUAGE_STANDARD = "gnu++0x";
				CLANG_CXX_LIBRARY = "libc++";
				CLANG_ENABLE_MODULES = YES;
				CLANG_ENABLE_OBJC_ARC = YES;
				CLANG_WARN_BOOL_CONVERSION = YES;
				CLANG_WARN_CONSTANT_CONVERSION = YES;
				CLANG_WARN_DIRECT_OBJC_ISA_USAGE = YES_ERROR;
				CLANG_WARN_EMPTY_BODY = YES;
				CLANG_WARN_ENUM_CONVERSION = YES;
				CLANG_WARN_INT_CONVERSION = YES;
				CLANG_WARN_OBJC_ROOT_CLASS = YES_ERROR;
				CLANG_WARN_UNREACHABLE_CODE = YES;
				CLANG_WARN__DUPLICATE_METHOD_MATCH = YES;
				"CODE_SIGN_IDENTITY[sdk=iphoneos*]" = "iPhone Developer";
				COPY_PHASE_STRIP = NO;
				DEBUG_INFORMATION_FORMAT = dwarf;
				ENABLE_STRICT_OBJC_MSGSEND = YES;
				ENABLE_TESTABILITY = YES;
				GCC_C_LANGUAGE_STANDARD = gnu99;
				GCC_DYNAMIC_NO_PIC = NO;
				GCC_NO_COMMON_BLOCKS = YES;
				GCC_OPTIMIZATION_LEVEL = 0;
				GCC_PREPROCESSOR_DEFINITIONS = (
					"DEBUG=1",
					"$(inherited)",
				);
				GCC_WARN_64_TO_32_BIT_CONVERSION = YES;
				GCC_WARN_ABOUT_RETURN_TYPE = YES_ERROR;
				GCC_WARN_UNDECLARED_SELECTOR = YES;
				GCC_WARN_UNINITIALIZED_AUTOS = YES_AGGRESSIVE;
				GCC_WARN_UNUSED_FUNCTION = YES;
				GCC_WARN_UNUSED_VARIABLE = YES;
				IPHONEOS_DEPLOYMENT_TARGET = 9.3;
				MTL_ENABLE_DEBUG_INFO = YES;
				ONLY_ACTIVE_ARCH = YES;
				SDKROOT = iphoneos;
				TARGETED_DEVICE_FAMILY = "1,2";
			};
			name = Debug;
		};
		7FFB54991E092EBD00A930C7 /* Release */ = {
			isa = XCBuildConfiguration;
			buildSettings = {
				ALWAYS_SEARCH_USER_PATHS = NO;
				CLANG_ANALYZER_NONNULL = YES;
				CLANG_CXX_LANGUAGE_STANDARD = "gnu++0x";
				CLANG_CXX_LIBRARY = "libc++";
				CLANG_ENABLE_MODULES = YES;
				CLANG_ENABLE_OBJC_ARC = YES;
				CLANG_WARN_BOOL_CONVERSION = YES;
				CLANG_WARN_CONSTANT_CONVERSION = YES;
				CLANG_WARN_DIRECT_OBJC_ISA_USAGE = YES_ERROR;
				CLANG_WARN_EMPTY_BODY = YES;
				CLANG_WARN_ENUM_CONVERSION = YES;
				CLANG_WARN_INT_CONVERSION = YES;
				CLANG_WARN_OBJC_ROOT_CLASS = YES_ERROR;
				CLANG_WARN_UNREACHABLE_CODE = YES;
				CLANG_WARN__DUPLICATE_METHOD_MATCH = YES;
				"CODE_SIGN_IDENTITY[sdk=iphoneos*]" = "iPhone Developer";
				COPY_PHASE_STRIP = NO;
				DEBUG_INFORMATION_FORMAT = "dwarf-with-dsym";
				ENABLE_NS_ASSERTIONS = NO;
				ENABLE_STRICT_OBJC_MSGSEND = YES;
				GCC_C_LANGUAGE_STANDARD = gnu99;
				GCC_NO_COMMON_BLOCKS = YES;
				GCC_WARN_64_TO_32_BIT_CONVERSION = YES;
				GCC_WARN_ABOUT_RETURN_TYPE = YES_ERROR;
				GCC_WARN_UNDECLARED_SELECTOR = YES;
				GCC_WARN_UNINITIALIZED_AUTOS = YES_AGGRESSIVE;
				GCC_WARN_UNUSED_FUNCTION = YES;
				GCC_WARN_UNUSED_VARIABLE = YES;
				IPHONEOS_DEPLOYMENT_TARGET = 9.3;
				MTL_ENABLE_DEBUG_INFO = NO;
				SDKROOT = iphoneos;
				TARGETED_DEVICE_FAMILY = "1,2";
				VALIDATE_PRODUCT = YES;
			};
			name = Release;
		};
		7FFB549B1E092EBD00A930C7 /* Debug */ = {
			isa = XCBuildConfiguration;
			baseConfigurationReference = 36B4DEA742DB76EB695F833A /* Pods-Field Tracker.debug.xcconfig */;
			buildSettings = {
				ASSETCATALOG_COMPILER_APPICON_NAME = AppIcon;
				CODE_SIGN_IDENTITY = "iPhone Developer";
				"CODE_SIGN_IDENTITY[sdk=iphoneos*]" = "iPhone Developer";
				EMBEDDED_CONTENT_CONTAINS_SWIFT = YES;
				ENABLE_BITCODE = NO;
				FRAMEWORK_SEARCH_PATHS = (
					"$(inherited)",
					"$(PROJECT_DIR)",
				);
				GCC_PREFIX_HEADER = OppoAttendanceTracker/PrefixHeader.pch;
				INFOPLIST_FILE = OppoAttendanceTracker/Info.plist;
				IPHONEOS_DEPLOYMENT_TARGET = 8.0;
				LD_RUNPATH_SEARCH_PATHS = "$(inherited) @executable_path/Frameworks @rpath/KeyboardManager.framework/KeyboardManager @rpath/RSDayFlow.framework/RSDayFlow";
				PRODUCT_BUNDLE_IDENTIFIER = com.allsmart.FieldTracker;
				PRODUCT_NAME = "Field Tracker";
				PROVISIONING_PROFILE = "";
				TARGETED_DEVICE_FAMILY = "1,2";
			};
			name = Debug;
		};
		7FFB549C1E092EBD00A930C7 /* Release */ = {
			isa = XCBuildConfiguration;
			baseConfigurationReference = 5544F011375BD9C37A491A69 /* Pods-Field Tracker.release.xcconfig */;
			buildSettings = {
				ASSETCATALOG_COMPILER_APPICON_NAME = AppIcon;
				CODE_SIGN_IDENTITY = "iPhone Developer";
				"CODE_SIGN_IDENTITY[sdk=iphoneos*]" = "iPhone Developer";
				EMBEDDED_CONTENT_CONTAINS_SWIFT = YES;
				ENABLE_BITCODE = NO;
				FRAMEWORK_SEARCH_PATHS = (
					"$(inherited)",
					"$(PROJECT_DIR)",
				);
				GCC_PREFIX_HEADER = OppoAttendanceTracker/PrefixHeader.pch;
				INFOPLIST_FILE = OppoAttendanceTracker/Info.plist;
				IPHONEOS_DEPLOYMENT_TARGET = 8.0;
				LD_RUNPATH_SEARCH_PATHS = "$(inherited) @executable_path/Frameworks @rpath/KeyboardManager.framework/KeyboardManager @rpath/RSDayFlow.framework/RSDayFlow";
				PRODUCT_BUNDLE_IDENTIFIER = com.allsmart.FieldTracker;
				PRODUCT_NAME = "Field Tracker";
				PROVISIONING_PROFILE = "";
				TARGETED_DEVICE_FAMILY = "1,2";
			};
			name = Release;
		};
		7FFB549E1E092EBD00A930C7 /* Debug */ = {
			isa = XCBuildConfiguration;
			buildSettings = {
				BUNDLE_LOADER = "$(TEST_HOST)";
				INFOPLIST_FILE = OppoAttendanceTrackerTests/Info.plist;
				LD_RUNPATH_SEARCH_PATHS = "$(inherited) @executable_path/Frameworks @loader_path/Frameworks";
				PRODUCT_BUNDLE_IDENTIFIER = com.allsmart.OppoAttendanceTrackerTests;
				PRODUCT_NAME = "Field Tracker";
				TEST_HOST = "$(BUILT_PRODUCTS_DIR)/Field Tracker.app/Field Tracker";
			};
			name = Debug;
		};
		7FFB549F1E092EBD00A930C7 /* Release */ = {
			isa = XCBuildConfiguration;
			buildSettings = {
				BUNDLE_LOADER = "$(TEST_HOST)";
				INFOPLIST_FILE = OppoAttendanceTrackerTests/Info.plist;
				LD_RUNPATH_SEARCH_PATHS = "$(inherited) @executable_path/Frameworks @loader_path/Frameworks";
				PRODUCT_BUNDLE_IDENTIFIER = com.allsmart.OppoAttendanceTrackerTests;
				PRODUCT_NAME = "Field Tracker";
				TEST_HOST = "$(BUILT_PRODUCTS_DIR)/Field Tracker.app/Field Tracker";
			};
			name = Release;
		};
		7FFB54A11E092EBD00A930C7 /* Debug */ = {
			isa = XCBuildConfiguration;
			buildSettings = {
				INFOPLIST_FILE = OppoAttendanceTrackerUITests/Info.plist;
				LD_RUNPATH_SEARCH_PATHS = "$(inherited) @executable_path/Frameworks @loader_path/Frameworks";
				PRODUCT_BUNDLE_IDENTIFIER = com.allsmart.OppoAttendanceTrackerUITests;
				PRODUCT_NAME = "Field Tracker";
				TEST_TARGET_NAME = OppoAttendanceTracker;
			};
			name = Debug;
		};
		7FFB54A21E092EBD00A930C7 /* Release */ = {
			isa = XCBuildConfiguration;
			buildSettings = {
				INFOPLIST_FILE = OppoAttendanceTrackerUITests/Info.plist;
				LD_RUNPATH_SEARCH_PATHS = "$(inherited) @executable_path/Frameworks @loader_path/Frameworks";
				PRODUCT_BUNDLE_IDENTIFIER = com.allsmart.OppoAttendanceTrackerUITests;
				PRODUCT_NAME = "Field Tracker";
				TEST_TARGET_NAME = OppoAttendanceTracker;
			};
			name = Release;
		};
/* End XCBuildConfiguration section */

/* Begin XCConfigurationList section */
		7FFB54681E092EBC00A930C7 /* Build configuration list for PBXProject "Field Tracker" */ = {
			isa = XCConfigurationList;
			buildConfigurations = (
				7FFB54981E092EBD00A930C7 /* Debug */,
				7FFB54991E092EBD00A930C7 /* Release */,
			);
			defaultConfigurationIsVisible = 0;
			defaultConfigurationName = Release;
		};
		7FFB549A1E092EBD00A930C7 /* Build configuration list for PBXNativeTarget "Field Tracker" */ = {
			isa = XCConfigurationList;
			buildConfigurations = (
				7FFB549B1E092EBD00A930C7 /* Debug */,
				7FFB549C1E092EBD00A930C7 /* Release */,
			);
			defaultConfigurationIsVisible = 0;
			defaultConfigurationName = Release;
		};
		7FFB549D1E092EBD00A930C7 /* Build configuration list for PBXNativeTarget "Field TrackerTests" */ = {
			isa = XCConfigurationList;
			buildConfigurations = (
				7FFB549E1E092EBD00A930C7 /* Debug */,
				7FFB549F1E092EBD00A930C7 /* Release */,
			);
			defaultConfigurationIsVisible = 0;
			defaultConfigurationName = Release;
		};
		7FFB54A01E092EBD00A930C7 /* Build configuration list for PBXNativeTarget "Field TrackerUITests" */ = {
			isa = XCConfigurationList;
			buildConfigurations = (
				7FFB54A11E092EBD00A930C7 /* Debug */,
				7FFB54A21E092EBD00A930C7 /* Release */,
			);
			defaultConfigurationIsVisible = 0;
			defaultConfigurationName = Release;
		};
/* End XCConfigurationList section */

/* Begin XCVersionGroup section */
		7FA481D61E162FE400345BCE /* FieldTracker.xcdatamodeld */ = {
			isa = XCVersionGroup;
			children = (
				7FA481D71E162FE400345BCE /* FieldTracker.xcdatamodel */,
			);
			currentVersion = 7FA481D71E162FE400345BCE /* FieldTracker.xcdatamodel */;
			path = FieldTracker.xcdatamodeld;
			sourceTree = "<group>";
			versionGroupType = wrapper.xcdatamodel;
		};
/* End XCVersionGroup section */
	};
	rootObject = 7FFB54651E092EBC00A930C7 /* Project object */;
}
